PODS:
  - Alamofire (4.5.0)
  - Firebase/Core (4.0.2):
    - FirebaseAnalytics (= 4.0.1)
    - FirebaseCore (= 4.0.2)
  - FirebaseAnalytics (4.0.1):
    - FirebaseCore (~> 4.0)
    - FirebaseInstanceID (~> 2.0)
    - GoogleToolboxForMac/NSData+zlib (~> 2.1)
  - FirebaseCore (4.0.2):
    - GoogleToolboxForMac/NSData+zlib (~> 2.1)
  - FirebaseInstanceID (2.0.0):
    - FirebaseCore (~> 4.0)
  - Google-Mobile-Ads-SDK (7.21.0)
  - GoogleToolboxForMac/Defines (2.1.1)
  - GoogleToolboxForMac/NSData+zlib (2.1.1):
    - GoogleToolboxForMac/Defines (= 2.1.1)
  - PopupDialog (0.5.4)
  - SwiftyJSON (3.1.4)

DEPENDENCIES:
  - Alamofire
  - Firebase/Core
  - Google-Mobile-Ads-SDK
  - PopupDialog
  - SwiftyJSON

SPEC CHECKSUMS:
  Alamofire: f28cdffd29de33a7bfa022cbd63ae95a27fae140
  Firebase: c7ad0731eab26d18a3fc547dd048b0f7cd9c63ae
  FirebaseAnalytics: 4d7040fefc3cd8b291cde35f12cf063d7963f15d
  FirebaseCore: 1a8bf6c795ad07d2918278657954ffd2552e9c17
  FirebaseInstanceID: 9fbf536668f4d3f0880e7438456dabd1376e294b
  Google-Mobile-Ads-SDK: 4a6f1b43c8cc0e1e95a3b59d9f52a01671c6f9f3
  GoogleToolboxForMac: 8e329f1b599f2512c6b10676d45736bcc2cbbeb0
  PopupDialog: 75cf955693590b0cb2fdde00223fb65d99c57247
  SwiftyJSON: c2842d878f95482ffceec5709abc3d05680c0220

PODFILE CHECKSUM: c37222f569dd036da16b14f93908a73d68e64c05

COCOAPODS: 1.2.1
