// !$*UTF8*$!
{
	archiveVersion = 1;
	classes = {
	};
	objectVersion = 46;
	objects = {

/* Begin PBXBuildFile section */
		FAD6F9B71F028D99002AAAB3 /* Mycell1.swift in Sources */ = {isa = PBXBuildFile; fileRef = FAD6F9B61F028D99002AAAB3 /* Mycell1.swift */; };
		FAF677671F015999007B74F0 /* AppDelegate.swift in Sources */ = {isa = PBXBuildFile; fileRef = FAF677661F015999007B74F0 /* AppDelegate.swift */; };
		FAF677691F015999007B74F0 /* ViewController.swift in Sources */ = {isa = PBXBuildFile; fileRef = FAF677681F015999007B74F0 /* ViewController.swift */; };
		FAF6776C1F015999007B74F0 /* Main.storyboard in Resources */ = {isa = PBXBuildFile; fileRef = FAF6776A1F015999007B74F0 /* Main.storyboard */; };
		FAF6776E1F015999007B74F0 /* Assets.xcassets in Resources */ = {isa = PBXBuildFile; fileRef = FAF6776D1F015999007B74F0 /* Assets.xcassets */; };
		FAF677711F015999007B74F0 /* LaunchScreen.storyboard in Resources */ = {isa = PBXBuildFile; fileRef = FAF6776F1F015999007B74F0 /* LaunchScreen.storyboard */; };
		FAF677791F015AAB007B74F0 /* Mycell.swift in Sources */ = {isa = PBXBuildFile; fileRef = FAF677781F015AAB007B74F0 /* Mycell.swift */; };
		FAF6777C1F015C77007B74F0 /* DesignButton.swift in Sources */ = {isa = PBXBuildFile; fileRef = FAF6777A1F015C77007B74F0 /* DesignButton.swift */; };
		FAF6777D1F015C77007B74F0 /* DesignTextField.swift in Sources */ = {isa = PBXBuildFile; fileRef = FAF6777B1F015C77007B74F0 /* DesignTextField.swift */; };
		FAF6777F1F015CCB007B74F0 /* DesignLabel.swift in Sources */ = {isa = PBXBuildFile; fileRef = FAF6777E1F015CCB007B74F0 /* DesignLabel.swift */; };
/* End PBXBuildFile section */

/* Begin PBXFileReference section */
		FAD6F9B61F028D99002AAAB3 /* Mycell1.swift */ = {isa = PBXFileReference; fileEncoding = 4; lastKnownFileType = sourcecode.swift; path = Mycell1.swift; sourceTree = "<group>"; };
		FAF677631F015999007B74F0 /* nghenhacbatchu.app */ = {isa = PBXFileReference; explicitFileType = wrapper.application; includeInIndex = 0; path = nghenhacbatchu.app; sourceTree = BUILT_PRODUCTS_DIR; };
		FAF677661F015999007B74F0 /* AppDelegate.swift */ = {isa = PBXFileReference; lastKnownFileType = sourcecode.swift; path = AppDelegate.swift; sourceTree = "<group>"; };
		FAF677681F015999007B74F0 /* ViewController.swift */ = {isa = PBXFileReference; lastKnownFileType = sourcecode.swift; path = ViewController.swift; sourceTree = "<group>"; };
		FAF6776B1F015999007B74F0 /* Base */ = {isa = PBXFileReference; lastKnownFileType = file.storyboard; name = Base; path = Base.lproj/Main.storyboard; sourceTree = "<group>"; };
		FAF6776D1F015999007B74F0 /* Assets.xcassets */ = {isa = PBXFileReference; lastKnownFileType = folder.assetcatalog; path = Assets.xcassets; sourceTree = "<group>"; };
		FAF677701F015999007B74F0 /* Base */ = {isa = PBXFileReference; lastKnownFileType = file.storyboard; name = Base; path = Base.lproj/LaunchScreen.storyboard; sourceTree = "<group>"; };
		FAF677721F015999007B74F0 /* Info.plist */ = {isa = PBXFileReference; lastKnownFileType = text.plist.xml; path = Info.plist; sourceTree = "<group>"; };
		FAF677781F015AAB007B74F0 /* Mycell.swift */ = {isa = PBXFileReference; fileEncoding = 4; lastKnownFileType = sourcecode.swift; path = Mycell.swift; sourceTree = "<group>"; };
		FAF6777A1F015C77007B74F0 /* DesignButton.swift */ = {isa = PBXFileReference; fileEncoding = 4; lastKnownFileType = sourcecode.swift; path = DesignButton.swift; sourceTree = "<group>"; };
		FAF6777B1F015C77007B74F0 /* DesignTextField.swift */ = {isa = PBXFileReference; fileEncoding = 4; lastKnownFileType = sourcecode.swift; path = DesignTextField.swift; sourceTree = "<group>"; };
		FAF6777E1F015CCB007B74F0 /* DesignLabel.swift */ = {isa = PBXFileReference; fileEncoding = 4; lastKnownFileType = sourcecode.swift; path = DesignLabel.swift; sourceTree = "<group>"; };
/* End PBXFileReference section */

/* Begin PBXFrameworksBuildPhase section */
		FAF677601F015999007B74F0 /* Frameworks */ = {
			isa = PBXFrameworksBuildPhase;
			buildActionMask = 2147483647;
			files = (
			);
			runOnlyForDeploymentPostprocessing = 0;
		};
/* End PBXFrameworksBuildPhase section */

/* Begin PBXGroup section */
		FAF6775A1F015999007B74F0 = {
			isa = PBXGroup;
			children = (
				FAF677651F015999007B74F0 /* nghenhacbatchu */,
				FAF677641F015999007B74F0 /* Products */,
			);
			sourceTree = "<group>";
		};
		FAF677641F015999007B74F0 /* Products */ = {
			isa = PBXGroup;
			children = (
				FAF677631F015999007B74F0 /* nghenhacbatchu.app */,
			);
			name = Products;
			sourceTree = "<group>";
		};
		FAF677651F015999007B74F0 /* nghenhacbatchu */ = {
			isa = PBXGroup;
			children = (
				FAF677661F015999007B74F0 /* AppDelegate.swift */,
				FAF677681F015999007B74F0 /* ViewController.swift */,
				FAF6777A1F015C77007B74F0 /* DesignButton.swift */,
				FAF6777B1F015C77007B74F0 /* DesignTextField.swift */,
				FAF6776A1F015999007B74F0 /* Main.storyboard */,
				FAF6776D1F015999007B74F0 /* Assets.xcassets */,
				FAF6776F1F015999007B74F0 /* LaunchScreen.storyboard */,
				FAF677721F015999007B74F0 /* Info.plist */,
				FAF677781F015AAB007B74F0 /* Mycell.swift */,
				FAF6777E1F015CCB007B74F0 /* DesignLabel.swift */,
				FAD6F9B61F028D99002AAAB3 /* Mycell1.swift */,
			);
			path = nghenhacbatchu;
			sourceTree = "<group>";
		};
/* End PBXGroup section */

/* Begin PBXNativeTarget section */
		FAF677621F015999007B74F0 /* nghenhacbatchu */ = {
			isa = PBXNativeTarget;
			buildConfigurationList = FAF677751F015999007B74F0 /* Build configuration list for PBXNativeTarget "nghenhacbatchu" */;
			buildPhases = (
				FAF6775F1F015999007B74F0 /* Sources */,
				FAF677601F015999007B74F0 /* Frameworks */,
				FAF677611F015999007B74F0 /* Resources */,
			);
			buildRules = (
			);
			dependencies = (
			);
			name = nghenhacbatchu;
			productName = nghenhacbatchu;
			productReference = FAF677631F015999007B74F0 /* nghenhacbatchu.app */;
			productType = "com.apple.product-type.application";
		};
/* End PBXNativeTarget section */

/* Begin PBXProject section */
		FAF6775B1F015999007B74F0 /* Project object */ = {
			isa = PBXProject;
			attributes = {
				LastSwiftUpdateCheck = 0830;
				LastUpgradeCheck = 0830;
				ORGANIZATIONNAME = MacBook;
				TargetAttributes = {
					FAF677621F015999007B74F0 = {
						CreatedOnToolsVersion = 8.3.2;
						ProvisioningStyle = Automatic;
					};
				};
			};
			buildConfigurationList = FAF6775E1F015999007B74F0 /* Build configuration list for PBXProject "nghenhacbatchu" */;
			compatibilityVersion = "Xcode 3.2";
			developmentRegion = English;
			hasScannedForEncodings = 0;
			knownRegions = (
				en,
				Base,
			);
			mainGroup = FAF6775A1F015999007B74F0;
			productRefGroup = FAF677641F015999007B74F0 /* Products */;
			projectDirPath = "";
			projectRoot = "";
			targets = (
				FAF677621F015999007B74F0 /* nghenhacbatchu */,
			);
		};
/* End PBXProject section */

/* Begin PBXResourcesBuildPhase section */
		FAF677611F015999007B74F0 /* Resources */ = {
			isa = PBXResourcesBuildPhase;
			buildActionMask = 2147483647;
			files = (
				FAF677711F015999007B74F0 /* LaunchScreen.storyboard in Resources */,
				FAF6776E1F015999007B74F0 /* Assets.xcassets in Resources */,
				FAF6776C1F015999007B74F0 /* Main.storyboard in Resources */,
			);
			runOnlyForDeploymentPostprocessing = 0;
		};
/* End PBXResourcesBuildPhase section */

/* Begin PBXSourcesBuildPhase section */
		FAF6775F1F015999007B74F0 /* Sources */ = {
			isa = PBXSourcesBuildPhase;
			buildActionMask = 2147483647;
			files = (
				FAF6777F1F015CCB007B74F0 /* DesignLabel.swift in Sources */,
				FAF6777D1F015C77007B74F0 /* DesignTextField.swift in Sources */,
				FAF677691F015999007B74F0 /* ViewController.swift in Sources */,
				FAF677671F015999007B74F0 /* AppDelegate.swift in Sources */,
				FAF677791F015AAB007B74F0 /* Mycell.swift in Sources */,
				FAD6F9B71F028D99002AAAB3 /* Mycell1.swift in Sources */,
				FAF6777C1F015C77007B74F0 /* DesignButton.swift in Sources */,
			);
			runOnlyForDeploymentPostprocessing = 0;
		};
/* End PBXSourcesBuildPhase section */

/* Begin PBXVariantGroup section */
		FAF6776A1F015999007B74F0 /* Main.storyboard */ = {
			isa = PBXVariantGroup;
			children = (
				FAF6776B1F015999007B74F0 /* Base */,
			);
			name = Main.storyboard;
			sourceTree = "<group>";
		};
		FAF6776F1F015999007B74F0 /* LaunchScreen.storyboard */ = {
			isa = PBXVariantGroup;
			children = (
				FAF677701F015999007B74F0 /* Base */,
			);
			name = LaunchScreen.storyboard;
			sourceTree = "<group>";
		};
/* End PBXVariantGroup section */

/* Begin XCBuildConfiguration section */
		FAF677731F015999007B74F0 /* Debug */ = {
			isa = XCBuildConfiguration;
			buildSettings = {
				ALWAYS_SEARCH_USER_PATHS = NO;
				CLANG_ANALYZER_NONNULL = YES;
				CLANG_ANALYZER_NUMBER_OBJECT_CONVERSION = YES_AGGRESSIVE;
				CLANG_CXX_LANGUAGE_STANDARD = "gnu++0x";
				CLANG_CXX_LIBRARY = "libc++";
				CLANG_ENABLE_MODULES = YES;
				CLANG_ENABLE_OBJC_ARC = YES;
				CLANG_WARN_BOOL_CONVERSION = YES;
				CLANG_WARN_CONSTANT_CONVERSION = YES;
				CLANG_WARN_DIRECT_OBJC_ISA_USAGE = YES_ERROR;
				CLANG_WARN_DOCUMENTATION_COMMENTS = YES;
				CLANG_WARN_EMPTY_BODY = YES;
				CLANG_WARN_ENUM_CONVERSION = YES;
				CLANG_WARN_INFINITE_RECURSION = YES;
				CLANG_WARN_INT_CONVERSION = YES;
				CLANG_WARN_OBJC_ROOT_CLASS = YES_ERROR;
				CLANG_WARN_SUSPICIOUS_MOVE = YES;
				CLANG_WARN_UNREACHABLE_CODE = YES;
				CLANG_WARN__DUPLICATE_METHOD_MATCH = YES;
				"CODE_SIGN_IDENTITY[sdk=iphoneos*]" = "iPhone Developer";
				COPY_PHASE_STRIP = NO;
				DEBUG_INFORMATION_FORMAT = dwarf;
				ENABLE_STRICT_OBJC_MSGSEND = YES;
				ENABLE_TESTABILITY = YES;
				GCC_C_LANGUAGE_STANDARD = gnu99;
				GCC_DYNAMIC_NO_PIC = NO;
				GCC_NO_COMMON_BLOCKS = YES;
				GCC_OPTIMIZATION_LEVEL = 0;
				GCC_PREPROCESSOR_DEFINITIONS = (
					"DEBUG=1",
					"$(inherited)",
				);
				GCC_WARN_64_TO_32_BIT_CONVERSION = YES;
				GCC_WARN_ABOUT_RETURN_TYPE = YES_ERROR;
				GCC_WARN_UNDECLARED_SELECTOR = YES;
				GCC_WARN_UNINITIALIZED_AUTOS = YES_AGGRESSIVE;
				GCC_WARN_UNUSED_FUNCTION = YES;
				GCC_WARN_UNUSED_VARIABLE = YES;
				IPHONEOS_DEPLOYMENT_TARGET = 10.3;
				MTL_ENABLE_DEBUG_INFO = YES;
				ONLY_ACTIVE_ARCH = YES;
				SDKROOT = iphoneos;
				SWIFT_ACTIVE_COMPILATION_CONDITIONS = DEBUG;
				SWIFT_OPTIMIZATION_LEVEL = "-Onone";
				TARGETED_DEVICE_FAMILY = "1,2";
			};
			name = Debug;
		};
		FAF677741F015999007B74F0 /* Release */ = {
			isa = XCBuildConfiguration;
			buildSettings = {
				ALWAYS_SEARCH_USER_PATHS = NO;
				CLANG_ANALYZER_NONNULL = YES;
				CLANG_ANALYZER_NUMBER_OBJECT_CONVERSION = YES_AGGRESSIVE;
				CLANG_CXX_LANGUAGE_STANDARD = "gnu++0x";
				CLANG_CXX_LIBRARY = "libc++";
				CLANG_ENABLE_MODULES = YES;
				CLANG_ENABLE_OBJC_ARC = YES;
				CLANG_WARN_BOOL_CONVERSION = YES;
				CLANG_WARN_CONSTANT_CONVERSION = YES;
				CLANG_WARN_DIRECT_OBJC_ISA_USAGE = YES_ERROR;
				CLANG_WARN_DOCUMENTATION_COMMENTS = YES;
				CLANG_WARN_EMPTY_BODY = YES;
				CLANG_WARN_ENUM_CONVERSION = YES;
				CLANG_WARN_INFINITE_RECURSION = YES;
				CLANG_WARN_INT_CONVERSION = YES;
				CLANG_WARN_OBJC_ROOT_CLASS = YES_ERROR;
				CLANG_WARN_SUSPICIOUS_MOVE = YES;
				CLANG_WARN_UNREACHABLE_CODE = YES;
				CLANG_WARN__DUPLICATE_METHOD_MATCH = YES;
				"CODE_SIGN_IDENTITY[sdk=iphoneos*]" = "iPhone Developer";
				COPY_PHASE_STRIP = NO;
				DEBUG_INFORMATION_FORMAT = "dwarf-with-dsym";
				ENABLE_NS_ASSERTIONS = NO;
				ENABLE_STRICT_OBJC_MSGSEND = YES;
				GCC_C_LANGUAGE_STANDARD = gnu99;
				GCC_NO_COMMON_BLOCKS = YES;
				GCC_WARN_64_TO_32_BIT_CONVERSION = YES;
				GCC_WARN_ABOUT_RETURN_TYPE = YES_ERROR;
				GCC_WARN_UNDECLARED_SELECTOR = YES;
				GCC_WARN_UNINITIALIZED_AUTOS = YES_AGGRESSIVE;
				GCC_WARN_UNUSED_FUNCTION = YES;
				GCC_WARN_UNUSED_VARIABLE = YES;
				IPHONEOS_DEPLOYMENT_TARGET = 10.3;
				MTL_ENABLE_DEBUG_INFO = NO;
				SDKROOT = iphoneos;
				SWIFT_OPTIMIZATION_LEVEL = "-Owholemodule";
				TARGETED_DEVICE_FAMILY = "1,2";
				VALIDATE_PRODUCT = YES;
			};
			name = Release;
		};
		FAF677761F015999007B74F0 /* Debug */ = {
			isa = XCBuildConfiguration;
			buildSettings = {
				ASSETCATALOG_COMPILER_APPICON_NAME = AppIcon;
				INFOPLIST_FILE = nghenhacbatchu/Info.plist;
				LD_RUNPATH_SEARCH_PATHS = "$(inherited) @executable_path/Frameworks";
				PRODUCT_BUNDLE_IDENTIFIER = com.jtb4.nghenhacbatchu;
				PRODUCT_NAME = "$(TARGET_NAME)";
				SWIFT_VERSION = 3.0;
			};
			name = Debug;
		};
		FAF677771F015999007B74F0 /* Release */ = {
			isa = XCBuildConfiguration;
			buildSettings = {
				ASSETCATALOG_COMPILER_APPICON_NAME = AppIcon;
				INFOPLIST_FILE = nghenhacbatchu/Info.plist;
				LD_RUNPATH_SEARCH_PATHS = "$(inherited) @executable_path/Frameworks";
				PRODUCT_BUNDLE_IDENTIFIER = com.jtb4.nghenhacbatchu;
				PRODUCT_NAME = "$(TARGET_NAME)";
				SWIFT_VERSION = 3.0;
			};
			name = Release;
		};
/* End XCBuildConfiguration section */

/* Begin XCConfigurationList section */
		FAF6775E1F015999007B74F0 /* Build configuration list for PBXProject "nghenhacbatchu" */ = {
			isa = XCConfigurationList;
			buildConfigurations = (
				FAF677731F015999007B74F0 /* Debug */,
				FAF677741F015999007B74F0 /* Release */,
			);
			defaultConfigurationIsVisible = 0;
			defaultConfigurationName = Release;
		};
		FAF677751F015999007B74F0 /* Build configuration list for PBXNativeTarget "nghenhacbatchu" */ = {
			isa = XCConfigurationList;
			buildConfigurations = (
				FAF677761F015999007B74F0 /* Debug */,
				FAF677771F015999007B74F0 /* Release */,
			);
			defaultConfigurationIsVisible = 0;
			defaultConfigurationName = Release;
		};
/* End XCConfigurationList section */
	};
	rootObject = FAF6775B1F015999007B74F0 /* Project object */;
}
