// !$*UTF8*$!
{
	archiveVersion = 1;
	classes = {
	};
	objectVersion = 46;
	objects = {

/* Begin PBXBuildFile section */
		571E4B3603946B3DD5C48BA8 /* Pods_nghenhacbatchu.framework in Frameworks */ = {isa = PBXBuildFile; fileRef = 802D2933A0E6C400B4A7F317 /* Pods_nghenhacbatchu.framework */; };
		FA1C07A31F052AD9003AFE2C /* GoogleService-Info.plist in Resources */ = {isa = PBXBuildFile; fileRef = FA1C07A21F052AD9003AFE2C /* GoogleService-Info.plist */; };
		FA1C07A71F052F4F003AFE2C /* UIViewExtensions.swift in Sources */ = {isa = PBXBuildFile; fileRef = FA1C07A51F052F4F003AFE2C /* UIViewExtensions.swift */; };
		FA1C07A91F053E43003AFE2C /* SongObj.swift in Sources */ = {isa = PBXBuildFile; fileRef = FA1C07A81F053E43003AFE2C /* SongObj.swift */; };
		FA1C07AB1F054092003AFE2C /* util.swift in Sources */ = {isa = PBXBuildFile; fileRef = FA1C07AA1F054092003AFE2C /* util.swift */; };
		FA6E025A1F06918C00A4E4F2 /* KDCircularProgress.swift in Sources */ = {isa = PBXBuildFile; fileRef = FA6E02591F06918B00A4E4F2 /* KDCircularProgress.swift */; };
		FA8F083C1F08F8DF005245A7 /* Social.framework in Frameworks */ = {isa = PBXBuildFile; fileRef = FA8F083B1F08F8DF005245A7 /* Social.framework */; };
		FA8F083E1F091C34005245A7 /* DynamicCollectionView.swift in Sources */ = {isa = PBXBuildFile; fileRef = FA8F083D1F091C34005245A7 /* DynamicCollectionView.swift */; };
		FAD6F9B71F028D99002AAAB3 /* Mycell1.swift in Sources */ = {isa = PBXBuildFile; fileRef = FAD6F9B61F028D99002AAAB3 /* Mycell1.swift */; };
		FAE644771F07DDCB00910963 /* introViewController.swift in Sources */ = {isa = PBXBuildFile; fileRef = FAE644761F07DDCB00910963 /* introViewController.swift */; };
		FAE644791F07DE3A00910963 /* ImageCollectionViewCell.swift in Sources */ = {isa = PBXBuildFile; fileRef = FAE644781F07DE3A00910963 /* ImageCollectionViewCell.swift */; };
		FAE6447B1F07E2ED00910963 /* AlbumObj.swift in Sources */ = {isa = PBXBuildFile; fileRef = FAE6447A1F07E2ED00910963 /* AlbumObj.swift */; };
		FAF677671F015999007B74F0 /* AppDelegate.swift in Sources */ = {isa = PBXBuildFile; fileRef = FAF677661F015999007B74F0 /* AppDelegate.swift */; };
		FAF677691F015999007B74F0 /* ViewController.swift in Sources */ = {isa = PBXBuildFile; fileRef = FAF677681F015999007B74F0 /* ViewController.swift */; };
		FAF6776C1F015999007B74F0 /* Main.storyboard in Resources */ = {isa = PBXBuildFile; fileRef = FAF6776A1F015999007B74F0 /* Main.storyboard */; };
		FAF6776E1F015999007B74F0 /* Assets.xcassets in Resources */ = {isa = PBXBuildFile; fileRef = FAF6776D1F015999007B74F0 /* Assets.xcassets */; };
		FAF677711F015999007B74F0 /* LaunchScreen.storyboard in Resources */ = {isa = PBXBuildFile; fileRef = FAF6776F1F015999007B74F0 /* LaunchScreen.storyboard */; };
		FAF677791F015AAB007B74F0 /* Mycell.swift in Sources */ = {isa = PBXBuildFile; fileRef = FAF677781F015AAB007B74F0 /* Mycell.swift */; };
		FAF6777C1F015C77007B74F0 /* DesignButton.swift in Sources */ = {isa = PBXBuildFile; fileRef = FAF6777A1F015C77007B74F0 /* DesignButton.swift */; };
		FAF6777D1F015C77007B74F0 /* DesignTextField.swift in Sources */ = {isa = PBXBuildFile; fileRef = FAF6777B1F015C77007B74F0 /* DesignTextField.swift */; };
		FAF6777F1F015CCB007B74F0 /* DesignLabel.swift in Sources */ = {isa = PBXBuildFile; fileRef = FAF6777E1F015CCB007B74F0 /* DesignLabel.swift */; };
/* End PBXBuildFile section */

/* Begin PBXFileReference section */
		248300ABAE3900D2AE0DA498 /* Pods-nghenhacbatchu.release.xcconfig */ = {isa = PBXFileReference; includeInIndex = 1; lastKnownFileType = text.xcconfig; name = "Pods-nghenhacbatchu.release.xcconfig"; path = "Pods/Target Support Files/Pods-nghenhacbatchu/Pods-nghenhacbatchu.release.xcconfig"; sourceTree = "<group>"; };
		3EB1DA6C44BE660F306A1D40 /* Pods-nghenhacbatchu.debug.xcconfig */ = {isa = PBXFileReference; includeInIndex = 1; lastKnownFileType = text.xcconfig; name = "Pods-nghenhacbatchu.debug.xcconfig"; path = "Pods/Target Support Files/Pods-nghenhacbatchu/Pods-nghenhacbatchu.debug.xcconfig"; sourceTree = "<group>"; };
		802D2933A0E6C400B4A7F317 /* Pods_nghenhacbatchu.framework */ = {isa = PBXFileReference; explicitFileType = wrapper.framework; includeInIndex = 0; path = Pods_nghenhacbatchu.framework; sourceTree = BUILT_PRODUCTS_DIR; };
		FA1C07A21F052AD9003AFE2C /* GoogleService-Info.plist */ = {isa = PBXFileReference; fileEncoding = 4; lastKnownFileType = text.plist.xml; path = "GoogleService-Info.plist"; sourceTree = "<group>"; };
		FA1C07A51F052F4F003AFE2C /* UIViewExtensions.swift */ = {isa = PBXFileReference; fileEncoding = 4; lastKnownFileType = sourcecode.swift; path = UIViewExtensions.swift; sourceTree = "<group>"; };
		FA1C07A81F053E43003AFE2C /* SongObj.swift */ = {isa = PBXFileReference; fileEncoding = 4; lastKnownFileType = sourcecode.swift; path = SongObj.swift; sourceTree = "<group>"; };
		FA1C07AA1F054092003AFE2C /* util.swift */ = {isa = PBXFileReference; fileEncoding = 4; lastKnownFileType = sourcecode.swift; path = util.swift; sourceTree = "<group>"; };
		FA6E02591F06918B00A4E4F2 /* KDCircularProgress.swift */ = {isa = PBXFileReference; fileEncoding = 4; lastKnownFileType = sourcecode.swift; path = KDCircularProgress.swift; sourceTree = "<group>"; };
		FA8F083B1F08F8DF005245A7 /* Social.framework */ = {isa = PBXFileReference; lastKnownFileType = wrapper.framework; name = Social.framework; path = System/Library/Frameworks/Social.framework; sourceTree = SDKROOT; };
		FA8F083D1F091C34005245A7 /* DynamicCollectionView.swift */ = {isa = PBXFileReference; fileEncoding = 4; lastKnownFileType = sourcecode.swift; path = DynamicCollectionView.swift; sourceTree = "<group>"; };
		FAD6F9B61F028D99002AAAB3 /* Mycell1.swift */ = {isa = PBXFileReference; fileEncoding = 4; lastKnownFileType = sourcecode.swift; path = Mycell1.swift; sourceTree = "<group>"; };
		FAE644761F07DDCB00910963 /* introViewController.swift */ = {isa = PBXFileReference; fileEncoding = 4; lastKnownFileType = sourcecode.swift; path = introViewController.swift; sourceTree = "<group>"; };
		FAE644781F07DE3A00910963 /* ImageCollectionViewCell.swift */ = {isa = PBXFileReference; fileEncoding = 4; lastKnownFileType = sourcecode.swift; path = ImageCollectionViewCell.swift; sourceTree = "<group>"; };
		FAE6447A1F07E2ED00910963 /* AlbumObj.swift */ = {isa = PBXFileReference; fileEncoding = 4; lastKnownFileType = sourcecode.swift; path = AlbumObj.swift; sourceTree = "<group>"; };
		FAF677631F015999007B74F0 /* nghenhacbatchu.app */ = {isa = PBXFileReference; explicitFileType = wrapper.application; includeInIndex = 0; path = nghenhacbatchu.app; sourceTree = BUILT_PRODUCTS_DIR; };
		FAF677661F015999007B74F0 /* AppDelegate.swift */ = {isa = PBXFileReference; lastKnownFileType = sourcecode.swift; path = AppDelegate.swift; sourceTree = "<group>"; };
		FAF677681F015999007B74F0 /* ViewController.swift */ = {isa = PBXFileReference; lastKnownFileType = sourcecode.swift; path = ViewController.swift; sourceTree = "<group>"; };
		FAF6776B1F015999007B74F0 /* Base */ = {isa = PBXFileReference; lastKnownFileType = file.storyboard; name = Base; path = Base.lproj/Main.storyboard; sourceTree = "<group>"; };
		FAF6776D1F015999007B74F0 /* Assets.xcassets */ = {isa = PBXFileReference; lastKnownFileType = folder.assetcatalog; path = Assets.xcassets; sourceTree = "<group>"; };
		FAF677701F015999007B74F0 /* Base */ = {isa = PBXFileReference; lastKnownFileType = file.storyboard; name = Base; path = Base.lproj/LaunchScreen.storyboard; sourceTree = "<group>"; };
		FAF677721F015999007B74F0 /* Info.plist */ = {isa = PBXFileReference; lastKnownFileType = text.plist.xml; path = Info.plist; sourceTree = "<group>"; };
		FAF677781F015AAB007B74F0 /* Mycell.swift */ = {isa = PBXFileReference; fileEncoding = 4; lastKnownFileType = sourcecode.swift; path = Mycell.swift; sourceTree = "<group>"; };
		FAF6777A1F015C77007B74F0 /* DesignButton.swift */ = {isa = PBXFileReference; fileEncoding = 4; lastKnownFileType = sourcecode.swift; path = DesignButton.swift; sourceTree = "<group>"; };
		FAF6777B1F015C77007B74F0 /* DesignTextField.swift */ = {isa = PBXFileReference; fileEncoding = 4; lastKnownFileType = sourcecode.swift; path = DesignTextField.swift; sourceTree = "<group>"; };
		FAF6777E1F015CCB007B74F0 /* DesignLabel.swift */ = {isa = PBXFileReference; fileEncoding = 4; lastKnownFileType = sourcecode.swift; path = DesignLabel.swift; sourceTree = "<group>"; };
/* End PBXFileReference section */

/* Begin PBXFrameworksBuildPhase section */
		FAF677601F015999007B74F0 /* Frameworks */ = {
			isa = PBXFrameworksBuildPhase;
			buildActionMask = 2147483647;
			files = (
				FA8F083C1F08F8DF005245A7 /* Social.framework in Frameworks */,
				571E4B3603946B3DD5C48BA8 /* Pods_nghenhacbatchu.framework in Frameworks */,
			);
			runOnlyForDeploymentPostprocessing = 0;
		};
/* End PBXFrameworksBuildPhase section */

/* Begin PBXGroup section */
		2042A0DACB3CC0ABBEEAB10D /* Pods */ = {
			isa = PBXGroup;
			children = (
				3EB1DA6C44BE660F306A1D40 /* Pods-nghenhacbatchu.debug.xcconfig */,
				248300ABAE3900D2AE0DA498 /* Pods-nghenhacbatchu.release.xcconfig */,
			);
			name = Pods;
			sourceTree = "<group>";
		};
		A9DEE7E4F0FFEE2A29CD257B /* Frameworks */ = {
			isa = PBXGroup;
			children = (
				FA8F083B1F08F8DF005245A7 /* Social.framework */,
				802D2933A0E6C400B4A7F317 /* Pods_nghenhacbatchu.framework */,
			);
			name = Frameworks;
			sourceTree = "<group>";
		};
		FAF6775A1F015999007B74F0 = {
			isa = PBXGroup;
			children = (
				FAF677651F015999007B74F0 /* nghenhacbatchu */,
				FAF677641F015999007B74F0 /* Products */,
				2042A0DACB3CC0ABBEEAB10D /* Pods */,
				A9DEE7E4F0FFEE2A29CD257B /* Frameworks */,
			);
			sourceTree = "<group>";
		};
		FAF677641F015999007B74F0 /* Products */ = {
			isa = PBXGroup;
			children = (
				FAF677631F015999007B74F0 /* nghenhacbatchu.app */,
			);
			name = Products;
			sourceTree = "<group>";
		};
		FAF677651F015999007B74F0 /* nghenhacbatchu */ = {
			isa = PBXGroup;
			children = (
				FAF677661F015999007B74F0 /* AppDelegate.swift */,
				FAF677681F015999007B74F0 /* ViewController.swift */,
				FAF6777A1F015C77007B74F0 /* DesignButton.swift */,
				FAF6777B1F015C77007B74F0 /* DesignTextField.swift */,
				FA1C07A21F052AD9003AFE2C /* GoogleService-Info.plist */,
				FAE644781F07DE3A00910963 /* ImageCollectionViewCell.swift */,
				FAF6776A1F015999007B74F0 /* Main.storyboard */,
				FAE644761F07DDCB00910963 /* introViewController.swift */,
				FAF6776D1F015999007B74F0 /* Assets.xcassets */,
				FAF6776F1F015999007B74F0 /* LaunchScreen.storyboard */,
				FAF677721F015999007B74F0 /* Info.plist */,
				FA6E02591F06918B00A4E4F2 /* KDCircularProgress.swift */,
				FAF677781F015AAB007B74F0 /* Mycell.swift */,
				FAF6777E1F015CCB007B74F0 /* DesignLabel.swift */,
				FAD6F9B61F028D99002AAAB3 /* Mycell1.swift */,
				FA1C07A51F052F4F003AFE2C /* UIViewExtensions.swift */,
				FA1C07A81F053E43003AFE2C /* SongObj.swift */,
				FA1C07AA1F054092003AFE2C /* util.swift */,
				FAE6447A1F07E2ED00910963 /* AlbumObj.swift */,
				FA8F083D1F091C34005245A7 /* DynamicCollectionView.swift */,
			);
			path = nghenhacbatchu;
			sourceTree = "<group>";
		};
/* End PBXGroup section */

/* Begin PBXNativeTarget section */
		FAF677621F015999007B74F0 /* nghenhacbatchu */ = {
			isa = PBXNativeTarget;
			buildConfigurationList = FAF677751F015999007B74F0 /* Build configuration list for PBXNativeTarget "nghenhacbatchu" */;
			buildPhases = (
				63A2300C65D3D7A7C590C190 /* [CP] Check Pods Manifest.lock */,
				FAF6775F1F015999007B74F0 /* Sources */,
				FAF677601F015999007B74F0 /* Frameworks */,
				FAF677611F015999007B74F0 /* Resources */,
				451618064B0C06173FD4D884 /* [CP] Embed Pods Frameworks */,
				71E16E3831BF1C1C28CEB515 /* [CP] Copy Pods Resources */,
			);
			buildRules = (
			);
			dependencies = (
			);
			name = nghenhacbatchu;
			productName = nghenhacbatchu;
			productReference = FAF677631F015999007B74F0 /* nghenhacbatchu.app */;
			productType = "com.apple.product-type.application";
		};
/* End PBXNativeTarget section */

/* Begin PBXProject section */
		FAF6775B1F015999007B74F0 /* Project object */ = {
			isa = PBXProject;
			attributes = {
				LastSwiftUpdateCheck = 0830;
				LastUpgradeCheck = 0830;
				ORGANIZATIONNAME = MacBook;
				TargetAttributes = {
					FAF677621F015999007B74F0 = {
						CreatedOnToolsVersion = 8.3.2;
						DevelopmentTeam = AW2QKY6358;
						ProvisioningStyle = Automatic;
					};
				};
			};
			buildConfigurationList = FAF6775E1F015999007B74F0 /* Build configuration list for PBXProject "nghenhacbatchu" */;
			compatibilityVersion = "Xcode 3.2";
			developmentRegion = English;
			hasScannedForEncodings = 0;
			knownRegions = (
				en,
				Base,
			);
			mainGroup = FAF6775A1F015999007B74F0;
			productRefGroup = FAF677641F015999007B74F0 /* Products */;
			projectDirPath = "";
			projectRoot = "";
			targets = (
				FAF677621F015999007B74F0 /* nghenhacbatchu */,
			);
		};
/* End PBXProject section */

/* Begin PBXResourcesBuildPhase section */
		FAF677611F015999007B74F0 /* Resources */ = {
			isa = PBXResourcesBuildPhase;
			buildActionMask = 2147483647;
			files = (
				FAF677711F015999007B74F0 /* LaunchScreen.storyboard in Resources */,
				FA1C07A31F052AD9003AFE2C /* GoogleService-Info.plist in Resources */,
				FAF6776E1F015999007B74F0 /* Assets.xcassets in Resources */,
				FAF6776C1F015999007B74F0 /* Main.storyboard in Resources */,
			);
			runOnlyForDeploymentPostprocessing = 0;
		};
/* End PBXResourcesBuildPhase section */

/* Begin PBXShellScriptBuildPhase section */
		451618064B0C06173FD4D884 /* [CP] Embed Pods Frameworks */ = {
			isa = PBXShellScriptBuildPhase;
			buildActionMask = 2147483647;
			files = (
			);
			inputPaths = (
			);
			name = "[CP] Embed Pods Frameworks";
			outputPaths = (
			);
			runOnlyForDeploymentPostprocessing = 0;
			shellPath = /bin/sh;
			shellScript = "\"${SRCROOT}/Pods/Target Support Files/Pods-nghenhacbatchu/Pods-nghenhacbatchu-frameworks.sh\"\n";
			showEnvVarsInLog = 0;
		};
		63A2300C65D3D7A7C590C190 /* [CP] Check Pods Manifest.lock */ = {
			isa = PBXShellScriptBuildPhase;
			buildActionMask = 2147483647;
			files = (
			);
			inputPaths = (
			);
			name = "[CP] Check Pods Manifest.lock";
			outputPaths = (
			);
			runOnlyForDeploymentPostprocessing = 0;
			shellPath = /bin/sh;
			shellScript = "diff \"${PODS_PODFILE_DIR_PATH}/Podfile.lock\" \"${PODS_ROOT}/Manifest.lock\" > /dev/null\nif [ $? != 0 ] ; then\n    # print error to STDERR\n    echo \"error: The sandbox is not in sync with the Podfile.lock. Run 'pod install' or update your CocoaPods installation.\" >&2\n    exit 1\nfi\n";
			showEnvVarsInLog = 0;
		};
		71E16E3831BF1C1C28CEB515 /* [CP] Copy Pods Resources */ = {
			isa = PBXShellScriptBuildPhase;
			buildActionMask = 2147483647;
			files = (
			);
			inputPaths = (
			);
			name = "[CP] Copy Pods Resources";
			outputPaths = (
			);
			runOnlyForDeploymentPostprocessing = 0;
			shellPath = /bin/sh;
			shellScript = "\"${SRCROOT}/Pods/Target Support Files/Pods-nghenhacbatchu/Pods-nghenhacbatchu-resources.sh\"\n";
			showEnvVarsInLog = 0;
		};
/* End PBXShellScriptBuildPhase section */

/* Begin PBXSourcesBuildPhase section */
		FAF6775F1F015999007B74F0 /* Sources */ = {
			isa = PBXSourcesBuildPhase;
			buildActionMask = 2147483647;
			files = (
				FA6E025A1F06918C00A4E4F2 /* KDCircularProgress.swift in Sources */,
				FAF6777F1F015CCB007B74F0 /* DesignLabel.swift in Sources */,
				FAE644791F07DE3A00910963 /* ImageCollectionViewCell.swift in Sources */,
				FAF6777D1F015C77007B74F0 /* DesignTextField.swift in Sources */,
				FAF677691F015999007B74F0 /* ViewController.swift in Sources */,
				FAF677671F015999007B74F0 /* AppDelegate.swift in Sources */,
				FAF677791F015AAB007B74F0 /* Mycell.swift in Sources */,
				FA8F083E1F091C34005245A7 /* DynamicCollectionView.swift in Sources */,
				FA1C07AB1F054092003AFE2C /* util.swift in Sources */,
				FAD6F9B71F028D99002AAAB3 /* Mycell1.swift in Sources */,
				FAE6447B1F07E2ED00910963 /* AlbumObj.swift in Sources */,
				FA1C07A91F053E43003AFE2C /* SongObj.swift in Sources */,
				FAF6777C1F015C77007B74F0 /* DesignButton.swift in Sources */,
				FA1C07A71F052F4F003AFE2C /* UIViewExtensions.swift in Sources */,
				FAE644771F07DDCB00910963 /* introViewController.swift in Sources */,
			);
			runOnlyForDeploymentPostprocessing = 0;
		};
/* End PBXSourcesBuildPhase section */

/* Begin PBXVariantGroup section */
		FAF6776A1F015999007B74F0 /* Main.storyboard */ = {
			isa = PBXVariantGroup;
			children = (
				FAF6776B1F015999007B74F0 /* Base */,
			);
			name = Main.storyboard;
			sourceTree = "<group>";
		};
		FAF6776F1F015999007B74F0 /* LaunchScreen.storyboard */ = {
			isa = PBXVariantGroup;
			children = (
				FAF677701F015999007B74F0 /* Base */,
			);
			name = LaunchScreen.storyboard;
			sourceTree = "<group>";
		};
/* End PBXVariantGroup section */

/* Begin XCBuildConfiguration section */
		FAF677731F015999007B74F0 /* Debug */ = {
			isa = XCBuildConfiguration;
			buildSettings = {
				ALWAYS_SEARCH_USER_PATHS = NO;
				CLANG_ANALYZER_NONNULL = YES;
				CLANG_ANALYZER_NUMBER_OBJECT_CONVERSION = YES_AGGRESSIVE;
				CLANG_CXX_LANGUAGE_STANDARD = "gnu++0x";
				CLANG_CXX_LIBRARY = "libc++";
				CLANG_ENABLE_MODULES = YES;
				CLANG_ENABLE_OBJC_ARC = YES;
				CLANG_WARN_BOOL_CONVERSION = YES;
				CLANG_WARN_CONSTANT_CONVERSION = YES;
				CLANG_WARN_DIRECT_OBJC_ISA_USAGE = YES_ERROR;
				CLANG_WARN_DOCUMENTATION_COMMENTS = YES;
				CLANG_WARN_EMPTY_BODY = YES;
				CLANG_WARN_ENUM_CONVERSION = YES;
				CLANG_WARN_INFINITE_RECURSION = YES;
				CLANG_WARN_INT_CONVERSION = YES;
				CLANG_WARN_OBJC_ROOT_CLASS = YES_ERROR;
				CLANG_WARN_SUSPICIOUS_MOVE = YES;
				CLANG_WARN_UNREACHABLE_CODE = YES;
				CLANG_WARN__DUPLICATE_METHOD_MATCH = YES;
				"CODE_SIGN_IDENTITY[sdk=iphoneos*]" = "iPhone Developer";
				COPY_PHASE_STRIP = NO;
				DEBUG_INFORMATION_FORMAT = dwarf;
				ENABLE_STRICT_OBJC_MSGSEND = YES;
				ENABLE_TESTABILITY = YES;
				GCC_C_LANGUAGE_STANDARD = gnu99;
				GCC_DYNAMIC_NO_PIC = NO;
				GCC_NO_COMMON_BLOCKS = YES;
				GCC_OPTIMIZATION_LEVEL = 0;
				GCC_PREPROCESSOR_DEFINITIONS = (
					"DEBUG=1",
					"$(inherited)",
				);
				GCC_WARN_64_TO_32_BIT_CONVERSION = YES;
				GCC_WARN_ABOUT_RETURN_TYPE = YES_ERROR;
				GCC_WARN_UNDECLARED_SELECTOR = YES;
				GCC_WARN_UNINITIALIZED_AUTOS = YES_AGGRESSIVE;
				GCC_WARN_UNUSED_FUNCTION = YES;
				GCC_WARN_UNUSED_VARIABLE = YES;
				IPHONEOS_DEPLOYMENT_TARGET = 10.3;
				MTL_ENABLE_DEBUG_INFO = YES;
				ONLY_ACTIVE_ARCH = YES;
				SDKROOT = iphoneos;
				SWIFT_ACTIVE_COMPILATION_CONDITIONS = DEBUG;
				SWIFT_OPTIMIZATION_LEVEL = "-Onone";
				TARGETED_DEVICE_FAMILY = "1,2";
			};
			name = Debug;
		};
		FAF677741F015999007B74F0 /* Release */ = {
			isa = XCBuildConfiguration;
			buildSettings = {
				ALWAYS_SEARCH_USER_PATHS = NO;
				CLANG_ANALYZER_NONNULL = YES;
				CLANG_ANALYZER_NUMBER_OBJECT_CONVERSION = YES_AGGRESSIVE;
				CLANG_CXX_LANGUAGE_STANDARD = "gnu++0x";
				CLANG_CXX_LIBRARY = "libc++";
				CLANG_ENABLE_MODULES = YES;
				CLANG_ENABLE_OBJC_ARC = YES;
				CLANG_WARN_BOOL_CONVERSION = YES;
				CLANG_WARN_CONSTANT_CONVERSION = YES;
				CLANG_WARN_DIRECT_OBJC_ISA_USAGE = YES_ERROR;
				CLANG_WARN_DOCUMENTATION_COMMENTS = YES;
				CLANG_WARN_EMPTY_BODY = YES;
				CLANG_WARN_ENUM_CONVERSION = YES;
				CLANG_WARN_INFINITE_RECURSION = YES;
				CLANG_WARN_INT_CONVERSION = YES;
				CLANG_WARN_OBJC_ROOT_CLASS = YES_ERROR;
				CLANG_WARN_SUSPICIOUS_MOVE = YES;
				CLANG_WARN_UNREACHABLE_CODE = YES;
				CLANG_WARN__DUPLICATE_METHOD_MATCH = YES;
				"CODE_SIGN_IDENTITY[sdk=iphoneos*]" = "iPhone Developer";
				COPY_PHASE_STRIP = NO;
				DEBUG_INFORMATION_FORMAT = "dwarf-with-dsym";
				ENABLE_NS_ASSERTIONS = NO;
				ENABLE_STRICT_OBJC_MSGSEND = YES;
				GCC_C_LANGUAGE_STANDARD = gnu99;
				GCC_NO_COMMON_BLOCKS = YES;
				GCC_WARN_64_TO_32_BIT_CONVERSION = YES;
				GCC_WARN_ABOUT_RETURN_TYPE = YES_ERROR;
				GCC_WARN_UNDECLARED_SELECTOR = YES;
				GCC_WARN_UNINITIALIZED_AUTOS = YES_AGGRESSIVE;
				GCC_WARN_UNUSED_FUNCTION = YES;
				GCC_WARN_UNUSED_VARIABLE = YES;
				IPHONEOS_DEPLOYMENT_TARGET = 10.3;
				MTL_ENABLE_DEBUG_INFO = NO;
				SDKROOT = iphoneos;
				SWIFT_OPTIMIZATION_LEVEL = "-Owholemodule";
				TARGETED_DEVICE_FAMILY = "1,2";
				VALIDATE_PRODUCT = YES;
			};
			name = Release;
		};
		FAF677761F015999007B74F0 /* Debug */ = {
			isa = XCBuildConfiguration;
			baseConfigurationReference = 3EB1DA6C44BE660F306A1D40 /* Pods-nghenhacbatchu.debug.xcconfig */;
			buildSettings = {
				ASSETCATALOG_COMPILER_APPICON_NAME = AppIcon;
				DEVELOPMENT_TEAM = AW2QKY6358;
				FRAMEWORK_SEARCH_PATHS = (
					"$(inherited)",
					"$(PROJECT_DIR)",
				);
				INFOPLIST_FILE = nghenhacbatchu/Info.plist;
				LD_RUNPATH_SEARCH_PATHS = "$(inherited) @executable_path/Frameworks";
				PRODUCT_BUNDLE_IDENTIFIER = com.jtb4.nghenhacbatchu;
				PRODUCT_NAME = "$(TARGET_NAME)";
				SWIFT_VERSION = 3.0;
			};
			name = Debug;
		};
		FAF677771F015999007B74F0 /* Release */ = {
			isa = XCBuildConfiguration;
			baseConfigurationReference = 248300ABAE3900D2AE0DA498 /* Pods-nghenhacbatchu.release.xcconfig */;
			buildSettings = {
				ASSETCATALOG_COMPILER_APPICON_NAME = AppIcon;
				DEVELOPMENT_TEAM = AW2QKY6358;
				FRAMEWORK_SEARCH_PATHS = (
					"$(inherited)",
					"$(PROJECT_DIR)",
				);
				INFOPLIST_FILE = nghenhacbatchu/Info.plist;
				LD_RUNPATH_SEARCH_PATHS = "$(inherited) @executable_path/Frameworks";
				PRODUCT_BUNDLE_IDENTIFIER = com.jtb4.nghenhacbatchu;
				PRODUCT_NAME = "$(TARGET_NAME)";
				SWIFT_VERSION = 3.0;
			};
			name = Release;
		};
/* End XCBuildConfiguration section */

/* Begin XCConfigurationList section */
		FAF6775E1F015999007B74F0 /* Build configuration list for PBXProject "nghenhacbatchu" */ = {
			isa = XCConfigurationList;
			buildConfigurations = (
				FAF677731F015999007B74F0 /* Debug */,
				FAF677741F015999007B74F0 /* Release */,
			);
			defaultConfigurationIsVisible = 0;
			defaultConfigurationName = Release;
		};
		FAF677751F015999007B74F0 /* Build configuration list for PBXNativeTarget "nghenhacbatchu" */ = {
			isa = XCConfigurationList;
			buildConfigurations = (
				FAF677761F015999007B74F0 /* Debug */,
				FAF677771F015999007B74F0 /* Release */,
			);
			defaultConfigurationIsVisible = 0;
			defaultConfigurationName = Release;
		};
/* End XCConfigurationList section */
	};
	rootObject = FAF6775B1F015999007B74F0 /* Project object */;
}
